
Microsoft Visual Studio Solution File, Format Version 12.00
# Visual Studio Version 16
VisualStudioVersion = 16.0.30517.126
MinimumVisualStudioVersion = 10.0.40219.1
Project("{8BC9CEB8-8B4A-11D0-8D11-00A0C91BC942}") = "program 24", "program 24\program 24.vcxproj", "{953E84CD-9CB1-4F70-9E7E-39D1D4B7092B}"
EndProject
Global
	GlobalSection(SolutionConfigurationPlatforms) = preSolution
		Debug|x64 = Debug|x64
		Debug|x86 = Debug|x86
		Release|x64 = Release|x64
		Release|x86 = Release|x86
	EndGlobalSection
	GlobalSection(ProjectConfigurationPlatforms) = postSolution
		{953E84CD-9CB1-4F70-9E7E-39D1D4B7092B}.Debug|x64.ActiveCfg = Debug|x64
		{953E84CD-9CB1-4F70-9E7E-39D1D4B7092B}.Debug|x64.Build.0 = Debug|x64
		{953E84CD-9CB1-4F70-9E7E-39D1D4B7092B}.Debug|x86.ActiveCfg = Debug|Win32
		{953E84CD-9CB1-4F70-9E7E-39D1D4B7092B}.Debug|x86.Build.0 = Debug|Win32
		{953E84CD-9CB1-4F70-9E7E-39D1D4B7092B}.Release|x64.ActiveCfg = Release|x64
		{953E84CD-9CB1-4F70-9E7E-39D1D4B7092B}.Release|x64.Build.0 = Release|x64
		{953E84CD-9CB1-4F70-9E7E-39D1D4B7092B}.Release|x86.ActiveCfg = Release|Win32
		{953E84CD-9CB1-4F70-9E7E-39D1D4B7092B}.Release|x86.Build.0 = Release|Win32
	EndGlobalSection
	GlobalSection(SolutionProperties) = preSolution
		HideSolutionNode = FALSE
	EndGlobalSection
	GlobalSection(ExtensibilityGlobals) = postSolution
		SolutionGuid = {2D532A75-A3CF-4192-91E4-755FC0022A21}
	EndGlobalSection
EndGlobal
