
Microsoft Visual Studio Solution File, Format Version 12.00
# Visual Studio Version 16
VisualStudioVersion = 16.0.30517.126
MinimumVisualStudioVersion = 10.0.40219.1
Project("{8BC9CEB8-8B4A-11D0-8D11-00A0C91BC942}") = "program 25", "program 25\program 25.vcxproj", "{4BD49ED1-EDCE-49EC-A1D4-B04EFF15FA26}"
EndProject
Global
	GlobalSection(SolutionConfigurationPlatforms) = preSolution
		Debug|x64 = Debug|x64
		Debug|x86 = Debug|x86
		Release|x64 = Release|x64
		Release|x86 = Release|x86
	EndGlobalSection
	GlobalSection(ProjectConfigurationPlatforms) = postSolution
		{4BD49ED1-EDCE-49EC-A1D4-B04EFF15FA26}.Debug|x64.ActiveCfg = Debug|x64
		{4BD49ED1-EDCE-49EC-A1D4-B04EFF15FA26}.Debug|x64.Build.0 = Debug|x64
		{4BD49ED1-EDCE-49EC-A1D4-B04EFF15FA26}.Debug|x86.ActiveCfg = Debug|Win32
		{4BD49ED1-EDCE-49EC-A1D4-B04EFF15FA26}.Debug|x86.Build.0 = Debug|Win32
		{4BD49ED1-EDCE-49EC-A1D4-B04EFF15FA26}.Release|x64.ActiveCfg = Release|x64
		{4BD49ED1-EDCE-49EC-A1D4-B04EFF15FA26}.Release|x64.Build.0 = Release|x64
		{4BD49ED1-EDCE-49EC-A1D4-B04EFF15FA26}.Release|x86.ActiveCfg = Release|Win32
		{4BD49ED1-EDCE-49EC-A1D4-B04EFF15FA26}.Release|x86.Build.0 = Release|Win32
	EndGlobalSection
	GlobalSection(SolutionProperties) = preSolution
		HideSolutionNode = FALSE
	EndGlobalSection
	GlobalSection(ExtensibilityGlobals) = postSolution
		SolutionGuid = {5FE3CD47-D0DD-4484-B5BA-B28DED0D47FA}
	EndGlobalSection
EndGlobal
