
Microsoft Visual Studio Solution File, Format Version 12.00
# Visual Studio Version 16
VisualStudioVersion = 16.0.30517.126
MinimumVisualStudioVersion = 10.0.40219.1
Project("{8BC9CEB8-8B4A-11D0-8D11-00A0C91BC942}") = "program 27", "program 27\program 27.vcxproj", "{EB688428-4D05-46DC-9798-E80A2ECFEA93}"
EndProject
Global
	GlobalSection(SolutionConfigurationPlatforms) = preSolution
		Debug|x64 = Debug|x64
		Debug|x86 = Debug|x86
		Release|x64 = Release|x64
		Release|x86 = Release|x86
	EndGlobalSection
	GlobalSection(ProjectConfigurationPlatforms) = postSolution
		{EB688428-4D05-46DC-9798-E80A2ECFEA93}.Debug|x64.ActiveCfg = Debug|x64
		{EB688428-4D05-46DC-9798-E80A2ECFEA93}.Debug|x64.Build.0 = Debug|x64
		{EB688428-4D05-46DC-9798-E80A2ECFEA93}.Debug|x86.ActiveCfg = Debug|Win32
		{EB688428-4D05-46DC-9798-E80A2ECFEA93}.Debug|x86.Build.0 = Debug|Win32
		{EB688428-4D05-46DC-9798-E80A2ECFEA93}.Release|x64.ActiveCfg = Release|x64
		{EB688428-4D05-46DC-9798-E80A2ECFEA93}.Release|x64.Build.0 = Release|x64
		{EB688428-4D05-46DC-9798-E80A2ECFEA93}.Release|x86.ActiveCfg = Release|Win32
		{EB688428-4D05-46DC-9798-E80A2ECFEA93}.Release|x86.Build.0 = Release|Win32
	EndGlobalSection
	GlobalSection(SolutionProperties) = preSolution
		HideSolutionNode = FALSE
	EndGlobalSection
	GlobalSection(ExtensibilityGlobals) = postSolution
		SolutionGuid = {7E173AC4-A571-4907-865B-5862DAD05A8B}
	EndGlobalSection
EndGlobal
